
Microsoft Visual Studio Solution File, Format Version 12.00
# Visual Studio Version 17
VisualStudioVersion = 17.2.32616.157
MinimumVisualStudioVersion = 10.0.40219.1
Project("{FAE04EC0-301F-11D3-BF4B-00C04F79EFBC}") = "DataTransmission", "DataTransmission\DataTransmission.csproj", "{4CDABB5D-0250-4819-AE28-07351787A67F}"
EndProject
Global
	GlobalSection(SolutionConfigurationPlatforms) = preSolution
		Debug|Any CPU = Debug|Any CPU
		Release|Any CPU = Release|Any CPU
	EndGlobalSection
	GlobalSection(ProjectConfigurationPlatforms) = postSolution
		{4CDABB5D-0250-4819-AE28-07351787A67F}.Debug|Any CPU.ActiveCfg = Debug|Any CPU
		{4CDABB5D-0250-4819-AE28-07351787A67F}.Debug|Any CPU.Build.0 = Debug|Any CPU
		{4CDABB5D-0250-4819-AE28-07351787A67F}.Release|Any CPU.ActiveCfg = Release|Any CPU
		{4CDABB5D-0250-4819-AE28-07351787A67F}.Release|Any CPU.Build.0 = Release|Any CPU
	EndGlobalSection
	GlobalSection(SolutionProperties) = preSolution
		HideSolutionNode = FALSE
	EndGlobalSection
	GlobalSection(ExtensibilityGlobals) = postSolution
		SolutionGuid = {5C5D4562-1B1F-408A-8469-271ABBDD1C58}
	EndGlobalSection
EndGlobal
